
Microsoft Visual Studio Solution File, Format Version 12.00
# Visual Studio Version 17
VisualStudioVersion = 17.6.33829.357
MinimumVisualStudioVersion = 10.0.40219.1
Project("{FAE04EC0-301F-11D3-BF4B-00C04F79EFBC}") = "Catkapi_Kasa_Takibi", "Catkapi_Kasa_Takibi\Catkapi_Kasa_Takibi.csproj", "{D08FCABA-2423-40AA-9AB0-9122A3A0C632}"
EndProject
Global
	GlobalSection(SolutionConfigurationPlatforms) = preSolution
		Debug|Any CPU = Debug|Any CPU
		Release|Any CPU = Release|Any CPU
	EndGlobalSection
	GlobalSection(ProjectConfigurationPlatforms) = postSolution
		{D08FCABA-2423-40AA-9AB0-9122A3A0C632}.Debug|Any CPU.ActiveCfg = Debug|Any CPU
		{D08FCABA-2423-40AA-9AB0-9122A3A0C632}.Debug|Any CPU.Build.0 = Debug|Any CPU
		{D08FCABA-2423-40AA-9AB0-9122A3A0C632}.Release|Any CPU.ActiveCfg = Release|Any CPU
		{D08FCABA-2423-40AA-9AB0-9122A3A0C632}.Release|Any CPU.Build.0 = Release|Any CPU
	EndGlobalSection
	GlobalSection(SolutionProperties) = preSolution
		HideSolutionNode = FALSE
	EndGlobalSection
	GlobalSection(ExtensibilityGlobals) = postSolution
		SolutionGuid = {7A34D185-E249-422C-BB06-0EC6BE680B69}
	EndGlobalSection
EndGlobal
